
Microsoft Visual Studio Solution File, Format Version 12.00
# Visual Studio 15
VisualStudioVersion = 15.0.27703.2042
MinimumVisualStudioVersion = 10.0.40219.1
Project("{FAE04EC0-301F-11D3-BF4B-00C04F79EFBC}") = "ExampleMappingApp", "ExampleMappingApp\ExampleMappingApp.csproj", "{CC09F113-9915-4EB1-91E7-2AC39AAE9572}"
EndProject
Project("{FAE04EC0-301F-11D3-BF4B-00C04F79EFBC}") = "ExampleMappingAppTests", "ExampleMappingAppTests\ExampleMappingAppTests.csproj", "{09D2BB98-574B-44D5-9C8A-03CADAB18F0C}"
EndProject
Global
	GlobalSection(SolutionConfigurationPlatforms) = preSolution
		Debug|Any CPU = Debug|Any CPU
		Release|Any CPU = Release|Any CPU
	EndGlobalSection
	GlobalSection(ProjectConfigurationPlatforms) = postSolution
		{CC09F113-9915-4EB1-91E7-2AC39AAE9572}.Debug|Any CPU.ActiveCfg = Debug|Any CPU
		{CC09F113-9915-4EB1-91E7-2AC39AAE9572}.Debug|Any CPU.Build.0 = Debug|Any CPU
		{CC09F113-9915-4EB1-91E7-2AC39AAE9572}.Release|Any CPU.ActiveCfg = Release|Any CPU
		{CC09F113-9915-4EB1-91E7-2AC39AAE9572}.Release|Any CPU.Build.0 = Release|Any CPU
		{09D2BB98-574B-44D5-9C8A-03CADAB18F0C}.Debug|Any CPU.ActiveCfg = Debug|Any CPU
		{09D2BB98-574B-44D5-9C8A-03CADAB18F0C}.Debug|Any CPU.Build.0 = Debug|Any CPU
		{09D2BB98-574B-44D5-9C8A-03CADAB18F0C}.Release|Any CPU.ActiveCfg = Release|Any CPU
		{09D2BB98-574B-44D5-9C8A-03CADAB18F0C}.Release|Any CPU.Build.0 = Release|Any CPU
	EndGlobalSection
	GlobalSection(SolutionProperties) = preSolution
		HideSolutionNode = FALSE
	EndGlobalSection
	GlobalSection(ExtensibilityGlobals) = postSolution
		SolutionGuid = {4BB8E977-287D-41D5-AD0B-05BACB3C7AAA}
	EndGlobalSection
EndGlobal
